// !$*UTF8*$!
{
	archiveVersion = 1;
	classes = {
	};
	objectVersion = 50;
	objects = {

/* Begin PBXBuildFile section */
		6026A46D2077B0310052F61D /* CalendarController.swift in Sources */ = {isa = PBXBuildFile; fileRef = 6026A46C2077B0310052F61D /* CalendarController.swift */; };
		605C130A20754F750045D154 /* AppDelegate.swift in Sources */ = {isa = PBXBuildFile; fileRef = 605C130920754F750045D154 /* AppDelegate.swift */; };
		605C130C20754F750045D154 /* MainController.swift in Sources */ = {isa = PBXBuildFile; fileRef = 605C130B20754F750045D154 /* MainController.swift */; };
		605C131120754F770045D154 /* Assets.xcassets in Resources */ = {isa = PBXBuildFile; fileRef = 605C131020754F770045D154 /* Assets.xcassets */; };
		605C131C20754FEA0045D154 /* SwipeNavigationController.swift in Sources */ = {isa = PBXBuildFile; fileRef = 605C131B20754FEA0045D154 /* SwipeNavigationController.swift */; };
		605C131E20756FEB0045D154 /* UIView+Anchors.swift in Sources */ = {isa = PBXBuildFile; fileRef = 605C131D20756FEB0045D154 /* UIView+Anchors.swift */; };
		6084C9D320762CF80012CDFE /* ExpandingCellTransition.swift in Sources */ = {isa = PBXBuildFile; fileRef = 6084C9D220762CF80012CDFE /* ExpandingCellTransition.swift */; };
		6084C9D520762D230012CDFE /* DetailController.swift in Sources */ = {isa = PBXBuildFile; fileRef = 6084C9D420762D230012CDFE /* DetailController.swift */; };
		CC16858051D06A71095467E1 /* Pods_GetSh_tDone.framework in Frameworks */ = {isa = PBXBuildFile; fileRef = 2A8F749C94003A3EDBD359D8 /* Pods_GetSh_tDone.framework */; };
/* End PBXBuildFile section */

/* Begin PBXFileReference section */
		09571EFB46CD387A1F8F64D5 /* Pods-GetSh*tDone.release.xcconfig */ = {isa = PBXFileReference; includeInIndex = 1; lastKnownFileType = text.xcconfig; name = "Pods-GetSh*tDone.release.xcconfig"; path = "Pods/Target Support Files/Pods-GetSh*tDone/Pods-GetSh*tDone.release.xcconfig"; sourceTree = "<group>"; };
		2A8F749C94003A3EDBD359D8 /* Pods_GetSh_tDone.framework */ = {isa = PBXFileReference; explicitFileType = wrapper.framework; includeInIndex = 0; path = Pods_GetSh_tDone.framework; sourceTree = BUILT_PRODUCTS_DIR; };
		6026A46C2077B0310052F61D /* CalendarController.swift */ = {isa = PBXFileReference; lastKnownFileType = sourcecode.swift; path = CalendarController.swift; sourceTree = "<group>"; };
		605C130620754F750045D154 /* GetSh*tDone.app */ = {isa = PBXFileReference; explicitFileType = wrapper.application; includeInIndex = 0; path = "GetSh*tDone.app"; sourceTree = BUILT_PRODUCTS_DIR; };
		605C130920754F750045D154 /* AppDelegate.swift */ = {isa = PBXFileReference; lastKnownFileType = sourcecode.swift; path = AppDelegate.swift; sourceTree = "<group>"; };
		605C130B20754F750045D154 /* MainController.swift */ = {isa = PBXFileReference; lastKnownFileType = sourcecode.swift; path = MainController.swift; sourceTree = "<group>"; };
		605C131020754F770045D154 /* Assets.xcassets */ = {isa = PBXFileReference; lastKnownFileType = folder.assetcatalog; path = Assets.xcassets; sourceTree = "<group>"; };
		605C131520754F770045D154 /* Info.plist */ = {isa = PBXFileReference; lastKnownFileType = text.plist.xml; path = Info.plist; sourceTree = "<group>"; };
		605C131B20754FEA0045D154 /* SwipeNavigationController.swift */ = {isa = PBXFileReference; lastKnownFileType = sourcecode.swift; path = SwipeNavigationController.swift; sourceTree = "<group>"; };
		605C131D20756FEB0045D154 /* UIView+Anchors.swift */ = {isa = PBXFileReference; fileEncoding = 4; lastKnownFileType = sourcecode.swift; path = "UIView+Anchors.swift"; sourceTree = "<group>"; };
		6084C9D220762CF80012CDFE /* ExpandingCellTransition.swift */ = {isa = PBXFileReference; fileEncoding = 4; lastKnownFileType = sourcecode.swift; path = ExpandingCellTransition.swift; sourceTree = "<group>"; };
		6084C9D420762D230012CDFE /* DetailController.swift */ = {isa = PBXFileReference; lastKnownFileType = sourcecode.swift; path = DetailController.swift; sourceTree = "<group>"; };
		761FD1FBB08CA7F259A35185 /* Pods-GetSh*tDone.debug.xcconfig */ = {isa = PBXFileReference; includeInIndex = 1; lastKnownFileType = text.xcconfig; name = "Pods-GetSh*tDone.debug.xcconfig"; path = "Pods/Target Support Files/Pods-GetSh*tDone/Pods-GetSh*tDone.debug.xcconfig"; sourceTree = "<group>"; };
/* End PBXFileReference section */

/* Begin PBXFrameworksBuildPhase section */
		605C130320754F750045D154 /* Frameworks */ = {
			isa = PBXFrameworksBuildPhase;
			buildActionMask = 2147483647;
			files = (
				CC16858051D06A71095467E1 /* Pods_GetSh_tDone.framework in Frameworks */,
			);
			runOnlyForDeploymentPostprocessing = 0;
		};
/* End PBXFrameworksBuildPhase section */

/* Begin PBXGroup section */
		605C12FD20754F750045D154 = {
			isa = PBXGroup;
			children = (
				605C130820754F750045D154 /* GetSh*tDone */,
				605C130720754F750045D154 /* Products */,
				F441708054B1E8460AA9CB35 /* Pods */,
				AEDE29EE95E2696F3779C672 /* Frameworks */,
			);
			sourceTree = "<group>";
		};
		605C130720754F750045D154 /* Products */ = {
			isa = PBXGroup;
			children = (
				605C130620754F750045D154 /* GetSh*tDone.app */,
			);
			name = Products;
			sourceTree = "<group>";
		};
		605C130820754F750045D154 /* GetSh*tDone */ = {
			isa = PBXGroup;
			children = (
				6084C9D220762CF80012CDFE /* ExpandingCellTransition.swift */,
				605C131D20756FEB0045D154 /* UIView+Anchors.swift */,
				605C130920754F750045D154 /* AppDelegate.swift */,
				6084C9D420762D230012CDFE /* DetailController.swift */,
				605C130B20754F750045D154 /* MainController.swift */,
				605C131020754F770045D154 /* Assets.xcassets */,
				605C131520754F770045D154 /* Info.plist */,
				605C131B20754FEA0045D154 /* SwipeNavigationController.swift */,
				6026A46C2077B0310052F61D /* CalendarController.swift */,
			);
			path = "GetSh*tDone";
			sourceTree = "<group>";
		};
		AEDE29EE95E2696F3779C672 /* Frameworks */ = {
			isa = PBXGroup;
			children = (
				2A8F749C94003A3EDBD359D8 /* Pods_GetSh_tDone.framework */,
			);
			name = Frameworks;
			sourceTree = "<group>";
		};
		F441708054B1E8460AA9CB35 /* Pods */ = {
			isa = PBXGroup;
			children = (
				761FD1FBB08CA7F259A35185 /* Pods-GetSh*tDone.debug.xcconfig */,
				09571EFB46CD387A1F8F64D5 /* Pods-GetSh*tDone.release.xcconfig */,
			);
			name = Pods;
			sourceTree = "<group>";
		};
/* End PBXGroup section */

/* Begin PBXNativeTarget section */
		605C130520754F750045D154 /* GetSh*tDone */ = {
			isa = PBXNativeTarget;
			buildConfigurationList = 605C131820754F770045D154 /* Build configuration list for PBXNativeTarget "GetSh*tDone" */;
			buildPhases = (
				CE193DCA7949B9CAA33DF796 /* [CP] Check Pods Manifest.lock */,
				605C130220754F750045D154 /* Sources */,
				605C130320754F750045D154 /* Frameworks */,
				605C130420754F750045D154 /* Resources */,
				9CD9BBEF7171A6AB24A4C396 /* [CP] Embed Pods Frameworks */,
				4BA159CB2149187BF0888244 /* [CP] Copy Pods Resources */,
			);
			buildRules = (
			);
			dependencies = (
			);
			name = "GetSh*tDone";
			productName = "GetSh*tDone";
			productReference = 605C130620754F750045D154 /* GetSh*tDone.app */;
			productType = "com.apple.product-type.application";
		};
/* End PBXNativeTarget section */

/* Begin PBXProject section */
		605C12FE20754F750045D154 /* Project object */ = {
			isa = PBXProject;
			attributes = {
				LastSwiftUpdateCheck = 0930;
				LastUpgradeCheck = 0930;
				ORGANIZATIONNAME = "Jakša Tomović";
				TargetAttributes = {
					605C130520754F750045D154 = {
						CreatedOnToolsVersion = 9.3;
					};
				};
			};
			buildConfigurationList = 605C130120754F750045D154 /* Build configuration list for PBXProject "GetSh*tDone" */;
			compatibilityVersion = "Xcode 9.3";
			developmentRegion = en;
			hasScannedForEncodings = 0;
			knownRegions = (
				en,
				Base,
			);
			mainGroup = 605C12FD20754F750045D154;
			productRefGroup = 605C130720754F750045D154 /* Products */;
			projectDirPath = "";
			projectRoot = "";
			targets = (
				605C130520754F750045D154 /* GetSh*tDone */,
			);
		};
/* End PBXProject section */

/* Begin PBXResourcesBuildPhase section */
		605C130420754F750045D154 /* Resources */ = {
			isa = PBXResourcesBuildPhase;
			buildActionMask = 2147483647;
			files = (
				605C131120754F770045D154 /* Assets.xcassets in Resources */,
			);
			runOnlyForDeploymentPostprocessing = 0;
		};
/* End PBXResourcesBuildPhase section */

/* Begin PBXShellScriptBuildPhase section */
		4BA159CB2149187BF0888244 /* [CP] Copy Pods Resources */ = {
			isa = PBXShellScriptBuildPhase;
			buildActionMask = 2147483647;
			files = (
			);
			inputPaths = (
			);
			name = "[CP] Copy Pods Resources";
			outputPaths = (
			);
			runOnlyForDeploymentPostprocessing = 0;
			shellPath = /bin/sh;
			shellScript = "\"${SRCROOT}/Pods/Target Support Files/Pods-GetSh*tDone/Pods-GetSh*tDone-resources.sh\"\n";
			showEnvVarsInLog = 0;
		};
		9CD9BBEF7171A6AB24A4C396 /* [CP] Embed Pods Frameworks */ = {
			isa = PBXShellScriptBuildPhase;
			buildActionMask = 2147483647;
			files = (
			);
			inputPaths = (
				"${SRCROOT}/Pods/Target Support Files/Pods-GetSh*tDone/Pods-GetSh*tDone-frameworks.sh",
				"${BUILT_PRODUCTS_DIR}/AHKActionSheet/AHKActionSheet.framework",
				"${BUILT_PRODUCTS_DIR}/AMPopTip/AMPopTip.framework",
				"${BUILT_PRODUCTS_DIR}/CVCalendar/CVCalendar.framework",
				"${BUILT_PRODUCTS_DIR}/Realm/Realm.framework",
				"${BUILT_PRODUCTS_DIR}/RealmSwift/RealmSwift.framework",
				"${BUILT_PRODUCTS_DIR}/SwipeTransition/SwipeTransition.framework",
				"${BUILT_PRODUCTS_DIR}/UICountingLabel/UICountingLabel.framework",
			);
			name = "[CP] Embed Pods Frameworks";
			outputPaths = (
				"${TARGET_BUILD_DIR}/${FRAMEWORKS_FOLDER_PATH}/AHKActionSheet.framework",
				"${TARGET_BUILD_DIR}/${FRAMEWORKS_FOLDER_PATH}/AMPopTip.framework",
				"${TARGET_BUILD_DIR}/${FRAMEWORKS_FOLDER_PATH}/CVCalendar.framework",
				"${TARGET_BUILD_DIR}/${FRAMEWORKS_FOLDER_PATH}/Realm.framework",
				"${TARGET_BUILD_DIR}/${FRAMEWORKS_FOLDER_PATH}/RealmSwift.framework",
				"${TARGET_BUILD_DIR}/${FRAMEWORKS_FOLDER_PATH}/SwipeTransition.framework",
				"${TARGET_BUILD_DIR}/${FRAMEWORKS_FOLDER_PATH}/UICountingLabel.framework",
			);
			runOnlyForDeploymentPostprocessing = 0;
			shellPath = /bin/sh;
			shellScript = "\"${SRCROOT}/Pods/Target Support Files/Pods-GetSh*tDone/Pods-GetSh*tDone-frameworks.sh\"\n";
			showEnvVarsInLog = 0;
		};
		CE193DCA7949B9CAA33DF796 /* [CP] Check Pods Manifest.lock */ = {
			isa = PBXShellScriptBuildPhase;
			buildActionMask = 2147483647;
			files = (
			);
			inputPaths = (
				"${PODS_PODFILE_DIR_PATH}/Podfile.lock",
				"${PODS_ROOT}/Manifest.lock",
			);
			name = "[CP] Check Pods Manifest.lock";
			outputPaths = (
				"$(DERIVED_FILE_DIR)/Pods-GetSh*tDone-checkManifestLockResult.txt",
			);
			runOnlyForDeploymentPostprocessing = 0;
			shellPath = /bin/sh;
			shellScript = "diff \"${PODS_PODFILE_DIR_PATH}/Podfile.lock\" \"${PODS_ROOT}/Manifest.lock\" > /dev/null\nif [ $? != 0 ] ; then\n    # print error to STDERR\n    echo \"error: The sandbox is not in sync with the Podfile.lock. Run 'pod install' or update your CocoaPods installation.\" >&2\n    exit 1\nfi\n# This output is used by Xcode 'outputs' to avoid re-running this script phase.\necho \"SUCCESS\" > \"${SCRIPT_OUTPUT_FILE_0}\"\n";
			showEnvVarsInLog = 0;
		};
/* End PBXShellScriptBuildPhase section */

/* Begin PBXSourcesBuildPhase section */
		605C130220754F750045D154 /* Sources */ = {
			isa = PBXSourcesBuildPhase;
			buildActionMask = 2147483647;
			files = (
				605C131C20754FEA0045D154 /* SwipeNavigationController.swift in Sources */,
				605C131E20756FEB0045D154 /* UIView+Anchors.swift in Sources */,
				6084C9D320762CF80012CDFE /* ExpandingCellTransition.swift in Sources */,
				6026A46D2077B0310052F61D /* CalendarController.swift in Sources */,
				605C130C20754F750045D154 /* MainController.swift in Sources */,
				6084C9D520762D230012CDFE /* DetailController.swift in Sources */,
				605C130A20754F750045D154 /* AppDelegate.swift in Sources */,
			);
			runOnlyForDeploymentPostprocessing = 0;
		};
/* End PBXSourcesBuildPhase section */

/* Begin XCBuildConfiguration section */
		605C131620754F770045D154 /* Debug */ = {
			isa = XCBuildConfiguration;
			buildSettings = {
				ALWAYS_SEARCH_USER_PATHS = NO;
				CLANG_ANALYZER_NONNULL = YES;
				CLANG_ANALYZER_NUMBER_OBJECT_CONVERSION = YES_AGGRESSIVE;
				CLANG_CXX_LANGUAGE_STANDARD = "gnu++14";
				CLANG_CXX_LIBRARY = "libc++";
				CLANG_ENABLE_MODULES = YES;
				CLANG_ENABLE_OBJC_ARC = YES;
				CLANG_ENABLE_OBJC_WEAK = YES;
				CLANG_WARN_BLOCK_CAPTURE_AUTORELEASING = YES;
				CLANG_WARN_BOOL_CONVERSION = YES;
				CLANG_WARN_COMMA = YES;
				CLANG_WARN_CONSTANT_CONVERSION = YES;
				CLANG_WARN_DEPRECATED_OBJC_IMPLEMENTATIONS = YES;
				CLANG_WARN_DIRECT_OBJC_ISA_USAGE = YES_ERROR;
				CLANG_WARN_DOCUMENTATION_COMMENTS = YES;
				CLANG_WARN_EMPTY_BODY = YES;
				CLANG_WARN_ENUM_CONVERSION = YES;
				CLANG_WARN_INFINITE_RECURSION = YES;
				CLANG_WARN_INT_CONVERSION = YES;
				CLANG_WARN_NON_LITERAL_NULL_CONVERSION = YES;
				CLANG_WARN_OBJC_IMPLICIT_RETAIN_SELF = YES;
				CLANG_WARN_OBJC_LITERAL_CONVERSION = YES;
				CLANG_WARN_OBJC_ROOT_CLASS = YES_ERROR;
				CLANG_WARN_RANGE_LOOP_ANALYSIS = YES;
				CLANG_WARN_STRICT_PROTOTYPES = YES;
				CLANG_WARN_SUSPICIOUS_MOVE = YES;
				CLANG_WARN_UNGUARDED_AVAILABILITY = YES_AGGRESSIVE;
				CLANG_WARN_UNREACHABLE_CODE = YES;
				CLANG_WARN__DUPLICATE_METHOD_MATCH = YES;
				CODE_SIGN_IDENTITY = "iPhone Developer";
				COPY_PHASE_STRIP = NO;
				DEBUG_INFORMATION_FORMAT = dwarf;
				ENABLE_STRICT_OBJC_MSGSEND = YES;
				ENABLE_TESTABILITY = YES;
				GCC_C_LANGUAGE_STANDARD = gnu11;
				GCC_DYNAMIC_NO_PIC = NO;
				GCC_NO_COMMON_BLOCKS = YES;
				GCC_OPTIMIZATION_LEVEL = 0;
				GCC_PREPROCESSOR_DEFINITIONS = (
					"DEBUG=1",
					"$(inherited)",
				);
				GCC_WARN_64_TO_32_BIT_CONVERSION = YES;
				GCC_WARN_ABOUT_RETURN_TYPE = YES_ERROR;
				GCC_WARN_UNDECLARED_SELECTOR = YES;
				GCC_WARN_UNINITIALIZED_AUTOS = YES_AGGRESSIVE;
				GCC_WARN_UNUSED_FUNCTION = YES;
				GCC_WARN_UNUSED_VARIABLE = YES;
				IPHONEOS_DEPLOYMENT_TARGET = 11.3;
				MTL_ENABLE_DEBUG_INFO = YES;
				ONLY_ACTIVE_ARCH = YES;
				SDKROOT = iphoneos;
				SWIFT_ACTIVE_COMPILATION_CONDITIONS = DEBUG;
				SWIFT_OPTIMIZATION_LEVEL = "-Onone";
			};
			name = Debug;
		};
		605C131720754F770045D154 /* Release */ = {
			isa = XCBuildConfiguration;
			buildSettings = {
				ALWAYS_SEARCH_USER_PATHS = NO;
				CLANG_ANALYZER_NONNULL = YES;
				CLANG_ANALYZER_NUMBER_OBJECT_CONVERSION = YES_AGGRESSIVE;
				CLANG_CXX_LANGUAGE_STANDARD = "gnu++14";
				CLANG_CXX_LIBRARY = "libc++";
				CLANG_ENABLE_MODULES = YES;
				CLANG_ENABLE_OBJC_ARC = YES;
				CLANG_ENABLE_OBJC_WEAK = YES;
				CLANG_WARN_BLOCK_CAPTURE_AUTORELEASING = YES;
				CLANG_WARN_BOOL_CONVERSION = YES;
				CLANG_WARN_COMMA = YES;
				CLANG_WARN_CONSTANT_CONVERSION = YES;
				CLANG_WARN_DEPRECATED_OBJC_IMPLEMENTATIONS = YES;
				CLANG_WARN_DIRECT_OBJC_ISA_USAGE = YES_ERROR;
				CLANG_WARN_DOCUMENTATION_COMMENTS = YES;
				CLANG_WARN_EMPTY_BODY = YES;
				CLANG_WARN_ENUM_CONVERSION = YES;
				CLANG_WARN_INFINITE_RECURSION = YES;
				CLANG_WARN_INT_CONVERSION = YES;
				CLANG_WARN_NON_LITERAL_NULL_CONVERSION = YES;
				CLANG_WARN_OBJC_IMPLICIT_RETAIN_SELF = YES;
				CLANG_WARN_OBJC_LITERAL_CONVERSION = YES;
				CLANG_WARN_OBJC_ROOT_CLASS = YES_ERROR;
				CLANG_WARN_RANGE_LOOP_ANALYSIS = YES;
				CLANG_WARN_STRICT_PROTOTYPES = YES;
				CLANG_WARN_SUSPICIOUS_MOVE = YES;
				CLANG_WARN_UNGUARDED_AVAILABILITY = YES_AGGRESSIVE;
				CLANG_WARN_UNREACHABLE_CODE = YES;
				CLANG_WARN__DUPLICATE_METHOD_MATCH = YES;
				CODE_SIGN_IDENTITY = "iPhone Developer";
				COPY_PHASE_STRIP = NO;
				DEBUG_INFORMATION_FORMAT = "dwarf-with-dsym";
				ENABLE_NS_ASSERTIONS = NO;
				ENABLE_STRICT_OBJC_MSGSEND = YES;
				GCC_C_LANGUAGE_STANDARD = gnu11;
				GCC_NO_COMMON_BLOCKS = YES;
				GCC_WARN_64_TO_32_BIT_CONVERSION = YES;
				GCC_WARN_ABOUT_RETURN_TYPE = YES_ERROR;
				GCC_WARN_UNDECLARED_SELECTOR = YES;
				GCC_WARN_UNINITIALIZED_AUTOS = YES_AGGRESSIVE;
				GCC_WARN_UNUSED_FUNCTION = YES;
				GCC_WARN_UNUSED_VARIABLE = YES;
				IPHONEOS_DEPLOYMENT_TARGET = 11.3;
				MTL_ENABLE_DEBUG_INFO = NO;
				SDKROOT = iphoneos;
				SWIFT_COMPILATION_MODE = wholemodule;
				SWIFT_OPTIMIZATION_LEVEL = "-O";
				VALIDATE_PRODUCT = YES;
			};
			name = Release;
		};
		605C131920754F770045D154 /* Debug */ = {
			isa = XCBuildConfiguration;
			baseConfigurationReference = 761FD1FBB08CA7F259A35185 /* Pods-GetSh*tDone.debug.xcconfig */;
			buildSettings = {
				ASSETCATALOG_COMPILER_APPICON_NAME = AppIcon;
				CODE_SIGN_STYLE = Automatic;
				DEVELOPMENT_TEAM = 7EC32T954D;
				INFOPLIST_FILE = "GetSh*tDone/Info.plist";
				LD_RUNPATH_SEARCH_PATHS = (
					"$(inherited)",
					"@executable_path/Frameworks",
				);
				PRODUCT_BUNDLE_IDENTIFIER = solutions.canarin.GetShitDone;
				PRODUCT_NAME = "$(TARGET_NAME)";
				SWIFT_VERSION = 4.0;
				TARGETED_DEVICE_FAMILY = 1;
			};
			name = Debug;
		};
		605C131A20754F770045D154 /* Release */ = {
			isa = XCBuildConfiguration;
			baseConfigurationReference = 09571EFB46CD387A1F8F64D5 /* Pods-GetSh*tDone.release.xcconfig */;
			buildSettings = {
				ASSETCATALOG_COMPILER_APPICON_NAME = AppIcon;
				CODE_SIGN_STYLE = Automatic;
				DEVELOPMENT_TEAM = 7EC32T954D;
				INFOPLIST_FILE = "GetSh*tDone/Info.plist";
				LD_RUNPATH_SEARCH_PATHS = (
					"$(inherited)",
					"@executable_path/Frameworks",
				);
				PRODUCT_BUNDLE_IDENTIFIER = solutions.canarin.GetShitDone;
				PRODUCT_NAME = "$(TARGET_NAME)";
				SWIFT_VERSION = 4.0;
				TARGETED_DEVICE_FAMILY = 1;
			};
			name = Release;
		};
/* End XCBuildConfiguration section */

/* Begin XCConfigurationList section */
		605C130120754F750045D154 /* Build configuration list for PBXProject "GetSh*tDone" */ = {
			isa = XCConfigurationList;
			buildConfigurations = (
				605C131620754F770045D154 /* Debug */,
				605C131720754F770045D154 /* Release */,
			);
			defaultConfigurationIsVisible = 0;
			defaultConfigurationName = Release;
		};
		605C131820754F770045D154 /* Build configuration list for PBXNativeTarget "GetSh*tDone" */ = {
			isa = XCConfigurationList;
			buildConfigurations = (
				605C131920754F770045D154 /* Debug */,
				605C131A20754F770045D154 /* Release */,
			);
			defaultConfigurationIsVisible = 0;
			defaultConfigurationName = Release;
		};
/* End XCConfigurationList section */
	};
	rootObject = 605C12FE20754F750045D154 /* Project object */;
}
